
Microsoft Visual Studio Solution File, Format Version 12.00
# Visual Studio 15
VisualStudioVersion = 15.0.28010.2016
MinimumVisualStudioVersion = 10.0.40219.1
Project("{8BC9CEB8-8B4A-11D0-8D11-00A0C91BC942}") = "Factorial", "Factorial\Factorial.vcxproj", "{1BD44223-6694-4635-A207-615F48DC40F7}"
EndProject
Global
	GlobalSection(SolutionConfigurationPlatforms) = preSolution
		Debug|x64 = Debug|x64
		Debug|x86 = Debug|x86
		Release|x64 = Release|x64
		Release|x86 = Release|x86
	EndGlobalSection
	GlobalSection(ProjectConfigurationPlatforms) = postSolution
		{1BD44223-6694-4635-A207-615F48DC40F7}.Debug|x64.ActiveCfg = Debug|x64
		{1BD44223-6694-4635-A207-615F48DC40F7}.Debug|x64.Build.0 = Debug|x64
		{1BD44223-6694-4635-A207-615F48DC40F7}.Debug|x86.ActiveCfg = Debug|Win32
		{1BD44223-6694-4635-A207-615F48DC40F7}.Debug|x86.Build.0 = Debug|Win32
		{1BD44223-6694-4635-A207-615F48DC40F7}.Release|x64.ActiveCfg = Release|x64
		{1BD44223-6694-4635-A207-615F48DC40F7}.Release|x64.Build.0 = Release|x64
		{1BD44223-6694-4635-A207-615F48DC40F7}.Release|x86.ActiveCfg = Release|Win32
		{1BD44223-6694-4635-A207-615F48DC40F7}.Release|x86.Build.0 = Release|Win32
	EndGlobalSection
	GlobalSection(SolutionProperties) = preSolution
		HideSolutionNode = FALSE
	EndGlobalSection
	GlobalSection(ExtensibilityGlobals) = postSolution
		SolutionGuid = {AF1F2701-EBE7-408F-9006-09B9189BE150}
	EndGlobalSection
EndGlobal
